
Microsoft Visual Studio Solution File, Format Version 12.00
# Visual Studio Version 17
VisualStudioVersion = 17.6.33829.357
MinimumVisualStudioVersion = 10.0.40219.1
Project("{FAE04EC0-301F-11D3-BF4B-00C04F79EFBC}") = "BankomatSimulator", "BankomatSimulator.csproj", "{03A2DC9E-A526-4082-9FDF-5EBC22AB9357}"
EndProject
Global
	GlobalSection(SolutionConfigurationPlatforms) = preSolution
		Debug|Any CPU = Debug|Any CPU
		Release|Any CPU = Release|Any CPU
	EndGlobalSection
	GlobalSection(ProjectConfigurationPlatforms) = postSolution
		{03A2DC9E-A526-4082-9FDF-5EBC22AB9357}.Debug|Any CPU.ActiveCfg = Debug|Any CPU
		{03A2DC9E-A526-4082-9FDF-5EBC22AB9357}.Debug|Any CPU.Build.0 = Debug|Any CPU
		{03A2DC9E-A526-4082-9FDF-5EBC22AB9357}.Release|Any CPU.ActiveCfg = Release|Any CPU
		{03A2DC9E-A526-4082-9FDF-5EBC22AB9357}.Release|Any CPU.Build.0 = Release|Any CPU
	EndGlobalSection
	GlobalSection(SolutionProperties) = preSolution
		HideSolutionNode = FALSE
	EndGlobalSection
	GlobalSection(ExtensibilityGlobals) = postSolution
		SolutionGuid = {9F2DA48A-D41A-4CB3-9764-9EF798E96810}
	EndGlobalSection
EndGlobal
